Microsoft Visual Studio Solution File, Format Version 11.00
# Visual Studio 2008

Project("{6D1CACF0-8120-1DA6-44F4-AE13A5D2289C}") = "BR Unity PC", "Assembly-CSharp.csproj", "{AEDC302A-BB5A-35B9-10D6-D435CEE1C3DE}"
EndProject
Global
	GlobalSection(SolutionConfigurationPlatforms) = preSolution
		Debug|Any CPU = Debug|Any CPU
		Release|Any CPU = Release|Any CPU
	EndGlobalSection
	GlobalSection(ProjectConfigurationPlatforms) = postSolution
		{AEDC302A-BB5A-35B9-10D6-D435CEE1C3DE}.Debug|Any CPU.ActiveCfg = Debug|Any CPU
		{AEDC302A-BB5A-35B9-10D6-D435CEE1C3DE}.Debug|Any CPU.Build.0 = Debug|Any CPU
		{AEDC302A-BB5A-35B9-10D6-D435CEE1C3DE}.Release|Any CPU.ActiveCfg = Release|Any CPU
		{AEDC302A-BB5A-35B9-10D6-D435CEE1C3DE}.Release|Any CPU.Build.0 = Release|Any CPU
	EndGlobalSection
	GlobalSection(SolutionProperties) = preSolution
		HideSolutionNode = FALSE
	EndGlobalSection
	GlobalSection(MonoDevelopProperties) = preSolution
		StartupItem = Assembly-CSharp.csproj
	EndGlobalSection
EndGlobal
